
Microsoft Visual Studio Solution File, Format Version 12.00
Project("{FAE04EC0-301F-11D3-BF4B-00C04F79EFBC}") = "backend", "backend\backend.csproj", "{A1EE3D78-E073-4920-9EC7-F8C5850E94AE}"
EndProject
Project("{2150E333-8FDC-42A3-9474-1A3956D46DE8}") = "0_Solution_Items", "0_Solution_Items", "{9FBEDCFF-92FF-426F-A361-304CD5DE7C59}"
	ProjectSection(SolutionItems) = preProject
		docker-compose.yml = docker-compose.yml
		README.md = README.md
		.gitignore = .gitignore
		Directory.Build.props = Directory.Build.props
	EndProjectSection
EndProject
Project("{FAE04EC0-301F-11D3-BF4B-00C04F79EFBC}") = "App.DAL.EF", "App.DAL.EF\App.DAL.EF.csproj", "{3584AC3D-ED71-4778-BE89-87DA6F9B0265}"
EndProject
Project("{FAE04EC0-301F-11D3-BF4B-00C04F79EFBC}") = "App.Domain", "App.Domain\App.Domain.csproj", "{08D0B057-B7C4-43FC-A3E6-68AAEB28E252}"
EndProject
Project("{2150E333-8FDC-42A3-9474-1A3956D46DE8}") = "2_Base", "2_Base", "{6F2C0A87-F65C-4E4A-9A11-34ACC9A6ADFA}"
EndProject
Project("{2150E333-8FDC-42A3-9474-1A3956D46DE8}") = "1_App", "1_App", "{9C71E0C8-FDD4-46E0-8D01-E9770C94A785}"
EndProject
Project("{FAE04EC0-301F-11D3-BF4B-00C04F79EFBC}") = "Base.Domain", "Base.Domain\Base.Domain.csproj", "{E6269AD3-7D29-47E6-9359-E36FA95D0C16}"
EndProject
Project("{FAE04EC0-301F-11D3-BF4B-00C04F79EFBC}") = "Base.Contracts.Domain", "Base.Contracts.Domain\Base.Contracts.Domain.csproj", "{3248F02A-8334-4BD1-AF96-6E0F5B249889}"
EndProject
Global
	GlobalSection(SolutionConfigurationPlatforms) = preSolution
		Debug|Any CPU = Debug|Any CPU
		Release|Any CPU = Release|Any CPU
	EndGlobalSection
	GlobalSection(ProjectConfigurationPlatforms) = postSolution
		{A1EE3D78-E073-4920-9EC7-F8C5850E94AE}.Debug|Any CPU.ActiveCfg = Debug|Any CPU
		{A1EE3D78-E073-4920-9EC7-F8C5850E94AE}.Debug|Any CPU.Build.0 = Debug|Any CPU
		{A1EE3D78-E073-4920-9EC7-F8C5850E94AE}.Release|Any CPU.ActiveCfg = Release|Any CPU
		{A1EE3D78-E073-4920-9EC7-F8C5850E94AE}.Release|Any CPU.Build.0 = Release|Any CPU
		{3584AC3D-ED71-4778-BE89-87DA6F9B0265}.Debug|Any CPU.ActiveCfg = Debug|Any CPU
		{3584AC3D-ED71-4778-BE89-87DA6F9B0265}.Debug|Any CPU.Build.0 = Debug|Any CPU
		{3584AC3D-ED71-4778-BE89-87DA6F9B0265}.Release|Any CPU.ActiveCfg = Release|Any CPU
		{3584AC3D-ED71-4778-BE89-87DA6F9B0265}.Release|Any CPU.Build.0 = Release|Any CPU
		{08D0B057-B7C4-43FC-A3E6-68AAEB28E252}.Debug|Any CPU.ActiveCfg = Debug|Any CPU
		{08D0B057-B7C4-43FC-A3E6-68AAEB28E252}.Debug|Any CPU.Build.0 = Debug|Any CPU
		{08D0B057-B7C4-43FC-A3E6-68AAEB28E252}.Release|Any CPU.ActiveCfg = Release|Any CPU
		{08D0B057-B7C4-43FC-A3E6-68AAEB28E252}.Release|Any CPU.Build.0 = Release|Any CPU
		{E6269AD3-7D29-47E6-9359-E36FA95D0C16}.Debug|Any CPU.ActiveCfg = Debug|Any CPU
		{E6269AD3-7D29-47E6-9359-E36FA95D0C16}.Debug|Any CPU.Build.0 = Debug|Any CPU
		{E6269AD3-7D29-47E6-9359-E36FA95D0C16}.Release|Any CPU.ActiveCfg = Release|Any CPU
		{E6269AD3-7D29-47E6-9359-E36FA95D0C16}.Release|Any CPU.Build.0 = Release|Any CPU
		{3248F02A-8334-4BD1-AF96-6E0F5B249889}.Debug|Any CPU.ActiveCfg = Debug|Any CPU
		{3248F02A-8334-4BD1-AF96-6E0F5B249889}.Debug|Any CPU.Build.0 = Debug|Any CPU
		{3248F02A-8334-4BD1-AF96-6E0F5B249889}.Release|Any CPU.ActiveCfg = Release|Any CPU
		{3248F02A-8334-4BD1-AF96-6E0F5B249889}.Release|Any CPU.Build.0 = Release|Any CPU
	EndGlobalSection
	GlobalSection(NestedProjects) = preSolution
		{3584AC3D-ED71-4778-BE89-87DA6F9B0265} = {9C71E0C8-FDD4-46E0-8D01-E9770C94A785}
		{08D0B057-B7C4-43FC-A3E6-68AAEB28E252} = {9C71E0C8-FDD4-46E0-8D01-E9770C94A785}
		{A1EE3D78-E073-4920-9EC7-F8C5850E94AE} = {9C71E0C8-FDD4-46E0-8D01-E9770C94A785}
		{E6269AD3-7D29-47E6-9359-E36FA95D0C16} = {6F2C0A87-F65C-4E4A-9A11-34ACC9A6ADFA}
		{3248F02A-8334-4BD1-AF96-6E0F5B249889} = {6F2C0A87-F65C-4E4A-9A11-34ACC9A6ADFA}
	EndGlobalSection
EndGlobal
